
Microsoft Visual Studio Solution File, Format Version 12.00
# Visual Studio Version 17
VisualStudioVersion = 17.9.34616.47
MinimumVisualStudioVersion = 10.0.40219.1
Project("{FAE04EC0-301F-11D3-BF4B-00C04F79EFBC}") = "DemoExam", "DemoExam\DemoExam.csproj", "{70E780DC-E364-456C-BF61-F633C3934AA6}"
EndProject
Project("{FAE04EC0-301F-11D3-BF4B-00C04F79EFBC}") = "SellPaper_UnitTest", "SellPaper_UnitTest\SellPaper_UnitTest.csproj", "{53EAE99B-E4CA-410C-8D4C-867C92D68A2E}"
EndProject
Global
	GlobalSection(SolutionConfigurationPlatforms) = preSolution
		Debug|Any CPU = Debug|Any CPU
		Release|Any CPU = Release|Any CPU
	EndGlobalSection
	GlobalSection(ProjectConfigurationPlatforms) = postSolution
		{70E780DC-E364-456C-BF61-F633C3934AA6}.Debug|Any CPU.ActiveCfg = Debug|Any CPU
		{70E780DC-E364-456C-BF61-F633C3934AA6}.Debug|Any CPU.Build.0 = Debug|Any CPU
		{70E780DC-E364-456C-BF61-F633C3934AA6}.Release|Any CPU.ActiveCfg = Release|Any CPU
		{70E780DC-E364-456C-BF61-F633C3934AA6}.Release|Any CPU.Build.0 = Release|Any CPU
		{53EAE99B-E4CA-410C-8D4C-867C92D68A2E}.Debug|Any CPU.ActiveCfg = Debug|Any CPU
		{53EAE99B-E4CA-410C-8D4C-867C92D68A2E}.Debug|Any CPU.Build.0 = Debug|Any CPU
		{53EAE99B-E4CA-410C-8D4C-867C92D68A2E}.Release|Any CPU.ActiveCfg = Release|Any CPU
		{53EAE99B-E4CA-410C-8D4C-867C92D68A2E}.Release|Any CPU.Build.0 = Release|Any CPU
	EndGlobalSection
	GlobalSection(SolutionProperties) = preSolution
		HideSolutionNode = FALSE
	EndGlobalSection
	GlobalSection(ExtensibilityGlobals) = postSolution
		SolutionGuid = {4EA35273-8D8D-41B7-8799-610B87144A35}
	EndGlobalSection
EndGlobal
